
Microsoft Visual Studio Solution File, Format Version 12.00
# Visual Studio Version 17
VisualStudioVersion = 17.11.35303.130
MinimumVisualStudioVersion = 10.0.40219.1
Project("{FAE04EC0-301F-11D3-BF4B-00C04F79EFBC}") = "Labb 4", "Labb 4\Labb 4.csproj", "{FD49BA0F-8515-4F01-97DC-85B09C51453B}"
EndProject
Global
	GlobalSection(SolutionConfigurationPlatforms) = preSolution
		Debug|Any CPU = Debug|Any CPU
		Release|Any CPU = Release|Any CPU
	EndGlobalSection
	GlobalSection(ProjectConfigurationPlatforms) = postSolution
		{FD49BA0F-8515-4F01-97DC-85B09C51453B}.Debug|Any CPU.ActiveCfg = Debug|Any CPU
		{FD49BA0F-8515-4F01-97DC-85B09C51453B}.Debug|Any CPU.Build.0 = Debug|Any CPU
		{FD49BA0F-8515-4F01-97DC-85B09C51453B}.Release|Any CPU.ActiveCfg = Release|Any CPU
		{FD49BA0F-8515-4F01-97DC-85B09C51453B}.Release|Any CPU.Build.0 = Release|Any CPU
	EndGlobalSection
	GlobalSection(SolutionProperties) = preSolution
		HideSolutionNode = FALSE
	EndGlobalSection
	GlobalSection(ExtensibilityGlobals) = postSolution
		SolutionGuid = {F86F6302-BDC9-4DB3-9A84-F2BB0612A1CE}
	EndGlobalSection
EndGlobal
